
Microsoft Visual Studio Solution File, Format Version 12.00
# Visual Studio 15
VisualStudioVersion = 15.0.28307.421
MinimumVisualStudioVersion = 10.0.40219.1
Project("{FAE04EC0-301F-11D3-BF4B-00C04F79EFBC}") = "ASPNETFrameworkApp", "ASPNETFrameworkApp\ASPNETFrameworkApp.csproj", "{2F362015-4022-4928-9A58-6F917A9D31B7}"
EndProject
Global
	GlobalSection(SolutionConfigurationPlatforms) = preSolution
		Debug|Any CPU = Debug|Any CPU
		Release|Any CPU = Release|Any CPU
		Staging|Any CPU = Staging|Any CPU
	EndGlobalSection
	GlobalSection(ProjectConfigurationPlatforms) = postSolution
		{2F362015-4022-4928-9A58-6F917A9D31B7}.Debug|Any CPU.ActiveCfg = Debug|Any CPU
		{2F362015-4022-4928-9A58-6F917A9D31B7}.Debug|Any CPU.Build.0 = Debug|Any CPU
		{2F362015-4022-4928-9A58-6F917A9D31B7}.Release|Any CPU.ActiveCfg = Release|Any CPU
		{2F362015-4022-4928-9A58-6F917A9D31B7}.Release|Any CPU.Build.0 = Release|Any CPU
		{2F362015-4022-4928-9A58-6F917A9D31B7}.Staging|Any CPU.ActiveCfg = Staging|Any CPU
		{2F362015-4022-4928-9A58-6F917A9D31B7}.Staging|Any CPU.Build.0 = Staging|Any CPU
	EndGlobalSection
	GlobalSection(SolutionProperties) = preSolution
		HideSolutionNode = FALSE
	EndGlobalSection
	GlobalSection(ExtensibilityGlobals) = postSolution
		SolutionGuid = {0027D399-A78D-4506-B9F8-AC5C8130DD4A}
	EndGlobalSection
EndGlobal
