
Microsoft Visual Studio Solution File, Format Version 12.00
# Visual Studio 15
VisualStudioVersion = 15.0.28307.421
MinimumVisualStudioVersion = 10.0.40219.1
Project("{FAE04EC0-301F-11D3-BF4B-00C04F79EFBC}") = "AngularSample", "AngularSample\AngularSample.csproj", "{B94C452B-0DC3-4348-88F2-82674798CCC2}"
EndProject
Global
	GlobalSection(SolutionConfigurationPlatforms) = preSolution
		Debug|Any CPU = Debug|Any CPU
		Release|Any CPU = Release|Any CPU
	EndGlobalSection
	GlobalSection(ProjectConfigurationPlatforms) = postSolution
		{B94C452B-0DC3-4348-88F2-82674798CCC2}.Debug|Any CPU.ActiveCfg = Debug|Any CPU
		{B94C452B-0DC3-4348-88F2-82674798CCC2}.Debug|Any CPU.Build.0 = Debug|Any CPU
		{B94C452B-0DC3-4348-88F2-82674798CCC2}.Release|Any CPU.ActiveCfg = Release|Any CPU
		{B94C452B-0DC3-4348-88F2-82674798CCC2}.Release|Any CPU.Build.0 = Release|Any CPU
	EndGlobalSection
	GlobalSection(SolutionProperties) = preSolution
		HideSolutionNode = FALSE
	EndGlobalSection
	GlobalSection(ExtensibilityGlobals) = postSolution
		SolutionGuid = {6804734A-0C79-49E3-80DB-387B03A1FC2F}
	EndGlobalSection
EndGlobal
