
Microsoft Visual Studio Solution File, Format Version 12.00
# Visual Studio 15
VisualStudioVersion = 15.0.28307.421
MinimumVisualStudioVersion = 10.0.40219.1
Project("{FAE04EC0-301F-11D3-BF4B-00C04F79EFBC}") = "MVCApp", "MVCApp\MVCApp.csproj", "{774E7668-C672-4208-8AD7-DA9B6CC8C472}"
EndProject
Global
	GlobalSection(SolutionConfigurationPlatforms) = preSolution
		Debug|Any CPU = Debug|Any CPU
		Release|Any CPU = Release|Any CPU
	EndGlobalSection
	GlobalSection(ProjectConfigurationPlatforms) = postSolution
		{774E7668-C672-4208-8AD7-DA9B6CC8C472}.Debug|Any CPU.ActiveCfg = Debug|Any CPU
		{774E7668-C672-4208-8AD7-DA9B6CC8C472}.Debug|Any CPU.Build.0 = Debug|Any CPU
		{774E7668-C672-4208-8AD7-DA9B6CC8C472}.Release|Any CPU.ActiveCfg = Release|Any CPU
		{774E7668-C672-4208-8AD7-DA9B6CC8C472}.Release|Any CPU.Build.0 = Release|Any CPU
	EndGlobalSection
	GlobalSection(SolutionProperties) = preSolution
		HideSolutionNode = FALSE
	EndGlobalSection
	GlobalSection(ExtensibilityGlobals) = postSolution
		SolutionGuid = {ACED4646-FC3A-4876-9FBA-F20795D5727B}
	EndGlobalSection
EndGlobal
