
Microsoft Visual Studio Solution File, Format Version 12.00
# Visual Studio 15
VisualStudioVersion = 15.0.28307.421
MinimumVisualStudioVersion = 10.0.40219.1
Project("{FAE04EC0-301F-11D3-BF4B-00C04F79EFBC}") = "DotnetCoreWebApp", "DotnetCoreWebApp\DotnetCoreWebApp.csproj", "{62C73FDB-2EFB-449B-B623-09890C34318A}"
EndProject
Global
	GlobalSection(SolutionConfigurationPlatforms) = preSolution
		Debug|Any CPU = Debug|Any CPU
		Release|Any CPU = Release|Any CPU
	EndGlobalSection
	GlobalSection(ProjectConfigurationPlatforms) = postSolution
		{62C73FDB-2EFB-449B-B623-09890C34318A}.Debug|Any CPU.ActiveCfg = Debug|Any CPU
		{62C73FDB-2EFB-449B-B623-09890C34318A}.Debug|Any CPU.Build.0 = Debug|Any CPU
		{62C73FDB-2EFB-449B-B623-09890C34318A}.Release|Any CPU.ActiveCfg = Release|Any CPU
		{62C73FDB-2EFB-449B-B623-09890C34318A}.Release|Any CPU.Build.0 = Release|Any CPU
	EndGlobalSection
	GlobalSection(SolutionProperties) = preSolution
		HideSolutionNode = FALSE
	EndGlobalSection
	GlobalSection(ExtensibilityGlobals) = postSolution
		SolutionGuid = {EA25B7F1-20B4-4C59-BA85-7DB66CF63A37}
	EndGlobalSection
EndGlobal
