
Microsoft Visual Studio Solution File, Format Version 12.00
# Visual Studio 15
VisualStudioVersion = 15.0.28307.421
MinimumVisualStudioVersion = 10.0.40219.1
Project("{FAE04EC0-301F-11D3-BF4B-00C04F79EFBC}") = "OldFrameworkWithAuth", "OldFrameworkWithAuth\OldFrameworkWithAuth.csproj", "{9E3166EC-D262-4355-BD8C-4FFDEBD4CBA1}"
EndProject
Global
	GlobalSection(SolutionConfigurationPlatforms) = preSolution
		Debug|Any CPU = Debug|Any CPU
		Release|Any CPU = Release|Any CPU
	EndGlobalSection
	GlobalSection(ProjectConfigurationPlatforms) = postSolution
		{9E3166EC-D262-4355-BD8C-4FFDEBD4CBA1}.Debug|Any CPU.ActiveCfg = Debug|Any CPU
		{9E3166EC-D262-4355-BD8C-4FFDEBD4CBA1}.Debug|Any CPU.Build.0 = Debug|Any CPU
		{9E3166EC-D262-4355-BD8C-4FFDEBD4CBA1}.Release|Any CPU.ActiveCfg = Release|Any CPU
		{9E3166EC-D262-4355-BD8C-4FFDEBD4CBA1}.Release|Any CPU.Build.0 = Release|Any CPU
	EndGlobalSection
	GlobalSection(SolutionProperties) = preSolution
		HideSolutionNode = FALSE
	EndGlobalSection
	GlobalSection(ExtensibilityGlobals) = postSolution
		SolutionGuid = {E9083DB4-68CA-4EBF-9C6C-5865A724C9A4}
	EndGlobalSection
EndGlobal
