
Microsoft Visual Studio Solution File, Format Version 12.00
# Visual Studio 15
VisualStudioVersion = 15.0.28307.421
MinimumVisualStudioVersion = 10.0.40219.1
Project("{FAE04EC0-301F-11D3-BF4B-00C04F79EFBC}") = "MyFirstASPNETCoreMVCApp", "MyFirstASPNETCoreMVCApp\MyFirstASPNETCoreMVCApp.csproj", "{56AE8A33-2A4A-4BF7-B46D-6C5D678719E6}"
EndProject
Global
	GlobalSection(SolutionConfigurationPlatforms) = preSolution
		Debug|Any CPU = Debug|Any CPU
		Release|Any CPU = Release|Any CPU
	EndGlobalSection
	GlobalSection(ProjectConfigurationPlatforms) = postSolution
		{56AE8A33-2A4A-4BF7-B46D-6C5D678719E6}.Debug|Any CPU.ActiveCfg = Debug|Any CPU
		{56AE8A33-2A4A-4BF7-B46D-6C5D678719E6}.Debug|Any CPU.Build.0 = Debug|Any CPU
		{56AE8A33-2A4A-4BF7-B46D-6C5D678719E6}.Release|Any CPU.ActiveCfg = Release|Any CPU
		{56AE8A33-2A4A-4BF7-B46D-6C5D678719E6}.Release|Any CPU.Build.0 = Release|Any CPU
	EndGlobalSection
	GlobalSection(SolutionProperties) = preSolution
		HideSolutionNode = FALSE
	EndGlobalSection
	GlobalSection(ExtensibilityGlobals) = postSolution
		SolutionGuid = {B2A6AE34-8A7E-4BAB-A393-737866105A8F}
	EndGlobalSection
EndGlobal
