
Microsoft Visual Studio Solution File, Format Version 12.00
# Visual Studio 15
VisualStudioVersion = 15.0.28307.421
MinimumVisualStudioVersion = 10.0.40219.1
Project("{FAE04EC0-301F-11D3-BF4B-00C04F79EFBC}") = "ASPNETCoreFoundationSample", "ASPNETCoreFoundationSample\ASPNETCoreFoundationSample.csproj", "{173FD60B-9072-4CDA-8714-760E4A8FA424}"
EndProject
Global
	GlobalSection(SolutionConfigurationPlatforms) = preSolution
		Debug|Any CPU = Debug|Any CPU
		Release|Any CPU = Release|Any CPU
	EndGlobalSection
	GlobalSection(ProjectConfigurationPlatforms) = postSolution
		{173FD60B-9072-4CDA-8714-760E4A8FA424}.Debug|Any CPU.ActiveCfg = Debug|Any CPU
		{173FD60B-9072-4CDA-8714-760E4A8FA424}.Debug|Any CPU.Build.0 = Debug|Any CPU
		{173FD60B-9072-4CDA-8714-760E4A8FA424}.Release|Any CPU.ActiveCfg = Release|Any CPU
		{173FD60B-9072-4CDA-8714-760E4A8FA424}.Release|Any CPU.Build.0 = Release|Any CPU
	EndGlobalSection
	GlobalSection(SolutionProperties) = preSolution
		HideSolutionNode = FALSE
	EndGlobalSection
	GlobalSection(ExtensibilityGlobals) = postSolution
		SolutionGuid = {97588C83-3FE7-4E16-8D27-7EA36E3AA8BC}
	EndGlobalSection
EndGlobal
